{
  "nodes": {
    "crane": {
      "inputs": {
        "nixpkgs": [
          "nixpkgs"
        ]
      },
      "locked": {
        "lastModified": 1705625727,
        "narHash": "sha256-naMq6+TNLpEiBBjc0XaCbMLYJxJXWTZz4JGSpYGgIOM=",
        "owner": "ipetkov",
        "repo": "crane",
        "rev": "8f515142e805dc377cf8edb0ff75d14a11307f89",
        "type": "github"
      },
      "original": {
        "owner": "ipetkov",
        "repo": "crane",
        "type": "github"
      }
    },
    "fenix": {
      "inputs": {
        "nixpkgs": [
          "nixpkgs"
        ],
        "rust-analyzer-src": "rust-analyzer-src"
      },
      "locked": {
        "lastModified": 1705731714,
        "narHash": "sha256-aMeN/ASG4n7RIIPLiy+txoMdDTvIcaRDX6acbeeRtEU=",
        "owner": "nix-community",
        "repo": "fenix",
        "rev": "712f25ec7e1f5839d486b246a5afa5e31f5df6ff",
        "type": "github"
      },
      "original": {
        "owner": "nix-community",
        "repo": "fenix",
        "type": "github"
      }
    },
    "nixpkgs": {
      "locked": {
        "lastModified": 1705697961,
        "narHash": "sha256-XepT3WS516evSFYkme3GrcI3+7uwXHqtHbip+t24J7E=",
        "owner": "NixOS",
        "repo": "nixpkgs",
        "rev": "e5d1c87f5813afde2dda384ac807c57a105721cc",
        "type": "github"
      },
      "original": {
        "owner": "NixOS",
        "ref": "nixpkgs-unstable",
        "repo": "nixpkgs",
        "type": "github"
      }
    },
    "parts": {
      "inputs": {
        "nixpkgs-lib": [
          "nixpkgs"
        ]
      },
      "locked": {
        "lastModified": 1704982712,
        "narHash": "sha256-2Ptt+9h8dczgle2Oo6z5ni5rt/uLMG47UFTR1ry/wgg=",
        "owner": "hercules-ci",
        "repo": "flake-parts",
        "rev": "07f6395285469419cf9d078f59b5b49993198c00",
        "type": "github"
      },
      "original": {
        "owner": "hercules-ci",
        "repo": "flake-parts",
        "type": "github"
      }
    },
    "root": {
      "inputs": {
        "crane": "crane",
        "fenix": "fenix",
        "nixpkgs": "nixpkgs",
        "parts": "parts"
      }
    },
    "rust-analyzer-src": {
      "flake": false,
      "locked": {
        "lastModified": 1705697225,
        "narHash": "sha256-eLMwix3LPsgqnbdLMWivBCSBrWnaAA50JtMNnInTopg=",
        "owner": "rust-lang",
        "repo": "rust-analyzer",
        "rev": "67cfbf231c1e2ba3129529de950d1c4ca7921404",
        "type": "github"
      },
      "original": {
        "owner": "rust-lang",
        "ref": "nightly",
        "repo": "rust-analyzer",
        "type": "github"
      }
    }
  },
  "root": "root",
  "version": 7
}
